
Microsoft Visual Studio Solution File, Format Version 12.00
# Visual Studio Version 17
VisualStudioVersion = 17.5.002.0
MinimumVisualStudioVersion = 10.0.40219.1
Project("{9A19103F-16F7-4668-BE54-9A1E7A4F7556}") = "OSLabS1", "OSLabS1.csproj", "{C325C02E-B80B-461E-AEEA-E3A72B8804E7}"
EndProject
Global
	GlobalSection(SolutionConfigurationPlatforms) = preSolution
		Debug|Any CPU = Debug|Any CPU
		Release|Any CPU = Release|Any CPU
	EndGlobalSection
	GlobalSection(ProjectConfigurationPlatforms) = postSolution
		{C325C02E-B80B-461E-AEEA-E3A72B8804E7}.Debug|Any CPU.ActiveCfg = Debug|Any CPU
		{C325C02E-B80B-461E-AEEA-E3A72B8804E7}.Debug|Any CPU.Build.0 = Debug|Any CPU
		{C325C02E-B80B-461E-AEEA-E3A72B8804E7}.Release|Any CPU.ActiveCfg = Release|Any CPU
		{C325C02E-B80B-461E-AEEA-E3A72B8804E7}.Release|Any CPU.Build.0 = Release|Any CPU
	EndGlobalSection
	GlobalSection(SolutionProperties) = preSolution
		HideSolutionNode = FALSE
	EndGlobalSection
	GlobalSection(ExtensibilityGlobals) = postSolution
		SolutionGuid = {2AA8FACD-7DF9-4D69-8E9B-620A7C577656}
	EndGlobalSection
EndGlobal
